
Microsoft Visual Studio Solution File, Format Version 11.00
# Visual Studio 2010
Project("{FAE04EC0-301F-11D3-BF4B-00C04F79EFBC}") = "Eft.BioNN.Engine", "Eft.BioNN.Engine\Eft.BioNN.Engine.csproj", "{4310EBE9-18D1-4E02-8E64-C2B031206BDB}"
EndProject
Project("{FAE04EC0-301F-11D3-BF4B-00C04F79EFBC}") = "Eft.BioNN.UI.WinForms", "Eft.BioNN.UI.WinForms\Eft.BioNN.UI.WinForms.csproj", "{7E6E9C00-E853-4E60-8AEE-620E2F9CA1A2}"
EndProject
Project("{FAE04EC0-301F-11D3-BF4B-00C04F79EFBC}") = "Eft.BioNN.UnitTests", "Eft.BioNN.UnitTests\Eft.BioNN.UnitTests.csproj", "{DF9E3304-13E3-405F-94E0-5FE915CAD08A}"
EndProject
Project("{2150E333-8FDC-42A3-9474-1A3956D46DE8}") = "Solution Items", "Solution Items", "{FDB055D8-438C-437F-BA3C-0D4562177EF3}"
	ProjectSection(SolutionItems) = preProject
		Eft.BioNN.vsmdi = Eft.BioNN.vsmdi
		Local.testsettings = Local.testsettings
		TraceAndTestImpact.testsettings = TraceAndTestImpact.testsettings
	EndProjectSection
EndProject
Project("{FAE04EC0-301F-11D3-BF4B-00C04F79EFBC}") = "Eft.BioNN.Generator.UI.WinForms", "Eft.BioNN.Generator.WinForms\Eft.BioNN.Generator.UI.WinForms.csproj", "{16548DCF-281F-45F1-A846-321E5F3CD481}"
EndProject
Global
	GlobalSection(SubversionScc) = preSolution
		Svn-Managed = True
		Manager = AnkhSVN - Subversion Support for Visual Studio
	EndGlobalSection
	GlobalSection(TestCaseManagementSettings) = postSolution
		CategoryFile = Eft.BioNN.vsmdi
	EndGlobalSection
	GlobalSection(SolutionConfigurationPlatforms) = preSolution
		Debug|Any CPU = Debug|Any CPU
		Debug|Mixed Platforms = Debug|Mixed Platforms
		Debug|x86 = Debug|x86
		Release|Any CPU = Release|Any CPU
		Release|Mixed Platforms = Release|Mixed Platforms
		Release|x86 = Release|x86
	EndGlobalSection
	GlobalSection(ProjectConfigurationPlatforms) = postSolution
		{4310EBE9-18D1-4E02-8E64-C2B031206BDB}.Debug|Any CPU.ActiveCfg = Debug|Any CPU
		{4310EBE9-18D1-4E02-8E64-C2B031206BDB}.Debug|Any CPU.Build.0 = Debug|Any CPU
		{4310EBE9-18D1-4E02-8E64-C2B031206BDB}.Debug|Mixed Platforms.ActiveCfg = Debug|Any CPU
		{4310EBE9-18D1-4E02-8E64-C2B031206BDB}.Debug|Mixed Platforms.Build.0 = Debug|Any CPU
		{4310EBE9-18D1-4E02-8E64-C2B031206BDB}.Debug|x86.ActiveCfg = Debug|Any CPU
		{4310EBE9-18D1-4E02-8E64-C2B031206BDB}.Release|Any CPU.ActiveCfg = Release|Any CPU
		{4310EBE9-18D1-4E02-8E64-C2B031206BDB}.Release|Any CPU.Build.0 = Release|Any CPU
		{4310EBE9-18D1-4E02-8E64-C2B031206BDB}.Release|Mixed Platforms.ActiveCfg = Release|Any CPU
		{4310EBE9-18D1-4E02-8E64-C2B031206BDB}.Release|Mixed Platforms.Build.0 = Release|Any CPU
		{4310EBE9-18D1-4E02-8E64-C2B031206BDB}.Release|x86.ActiveCfg = Release|Any CPU
		{7E6E9C00-E853-4E60-8AEE-620E2F9CA1A2}.Debug|Any CPU.ActiveCfg = Debug|x86
		{7E6E9C00-E853-4E60-8AEE-620E2F9CA1A2}.Debug|Mixed Platforms.ActiveCfg = Debug|x86
		{7E6E9C00-E853-4E60-8AEE-620E2F9CA1A2}.Debug|Mixed Platforms.Build.0 = Debug|x86
		{7E6E9C00-E853-4E60-8AEE-620E2F9CA1A2}.Debug|x86.ActiveCfg = Debug|x86
		{7E6E9C00-E853-4E60-8AEE-620E2F9CA1A2}.Debug|x86.Build.0 = Debug|x86
		{7E6E9C00-E853-4E60-8AEE-620E2F9CA1A2}.Release|Any CPU.ActiveCfg = Release|x86
		{7E6E9C00-E853-4E60-8AEE-620E2F9CA1A2}.Release|Mixed Platforms.ActiveCfg = Release|x86
		{7E6E9C00-E853-4E60-8AEE-620E2F9CA1A2}.Release|Mixed Platforms.Build.0 = Release|x86
		{7E6E9C00-E853-4E60-8AEE-620E2F9CA1A2}.Release|x86.ActiveCfg = Release|x86
		{7E6E9C00-E853-4E60-8AEE-620E2F9CA1A2}.Release|x86.Build.0 = Release|x86
		{DF9E3304-13E3-405F-94E0-5FE915CAD08A}.Debug|Any CPU.ActiveCfg = Debug|Any CPU
		{DF9E3304-13E3-405F-94E0-5FE915CAD08A}.Debug|Any CPU.Build.0 = Debug|Any CPU
		{DF9E3304-13E3-405F-94E0-5FE915CAD08A}.Debug|Mixed Platforms.ActiveCfg = Debug|Any CPU
		{DF9E3304-13E3-405F-94E0-5FE915CAD08A}.Debug|Mixed Platforms.Build.0 = Debug|Any CPU
		{DF9E3304-13E3-405F-94E0-5FE915CAD08A}.Debug|x86.ActiveCfg = Debug|Any CPU
		{DF9E3304-13E3-405F-94E0-5FE915CAD08A}.Release|Any CPU.ActiveCfg = Release|Any CPU
		{DF9E3304-13E3-405F-94E0-5FE915CAD08A}.Release|Any CPU.Build.0 = Release|Any CPU
		{DF9E3304-13E3-405F-94E0-5FE915CAD08A}.Release|Mixed Platforms.ActiveCfg = Release|Any CPU
		{DF9E3304-13E3-405F-94E0-5FE915CAD08A}.Release|Mixed Platforms.Build.0 = Release|Any CPU
		{DF9E3304-13E3-405F-94E0-5FE915CAD08A}.Release|x86.ActiveCfg = Release|Any CPU
		{16548DCF-281F-45F1-A846-321E5F3CD481}.Debug|Any CPU.ActiveCfg = Debug|x86
		{16548DCF-281F-45F1-A846-321E5F3CD481}.Debug|Mixed Platforms.ActiveCfg = Debug|x86
		{16548DCF-281F-45F1-A846-321E5F3CD481}.Debug|Mixed Platforms.Build.0 = Debug|x86
		{16548DCF-281F-45F1-A846-321E5F3CD481}.Debug|x86.ActiveCfg = Debug|x86
		{16548DCF-281F-45F1-A846-321E5F3CD481}.Debug|x86.Build.0 = Debug|x86
		{16548DCF-281F-45F1-A846-321E5F3CD481}.Release|Any CPU.ActiveCfg = Release|x86
		{16548DCF-281F-45F1-A846-321E5F3CD481}.Release|Mixed Platforms.ActiveCfg = Release|x86
		{16548DCF-281F-45F1-A846-321E5F3CD481}.Release|Mixed Platforms.Build.0 = Release|x86
		{16548DCF-281F-45F1-A846-321E5F3CD481}.Release|x86.ActiveCfg = Release|x86
		{16548DCF-281F-45F1-A846-321E5F3CD481}.Release|x86.Build.0 = Release|x86
	EndGlobalSection
	GlobalSection(SolutionProperties) = preSolution
		HideSolutionNode = FALSE
	EndGlobalSection
EndGlobal
